// !$*UTF8*$!
{
	archiveVersion = 1;
	classes = {
	};
	objectVersion = 55;
	objects = {

/* Begin PBXBuildFile section */
		CD0A30A527707397008474A7 /* OneTapEstimates WatchKit App.app in Embed Watch Content */ = {isa = PBXBuildFile; fileRef = CD0A30A427707397008474A7 /* OneTapEstimates WatchKit App.app */; settings = {ATTRIBUTES = (RemoveHeadersOnCopy, ); }; };
		CD0A30AA2770739A008474A7 /* Assets.xcassets in Resources */ = {isa = PBXBuildFile; fileRef = CD0A30A92770739A008474A7 /* Assets.xcassets */; };
		CD0A30B02770739A008474A7 /* OneTapEstimates WatchKit Extension.appex in Embed App Extensions */ = {isa = PBXBuildFile; fileRef = CD0A30AF2770739A008474A7 /* OneTapEstimates WatchKit Extension.appex */; settings = {ATTRIBUTES = (RemoveHeadersOnCopy, ); }; };
		CD0A30B72770739A008474A7 /* OneTapEstimatesApp.swift in Sources */ = {isa = PBXBuildFile; fileRef = CD0A30B62770739A008474A7 /* OneTapEstimatesApp.swift */; };
		CD0A30B92770739A008474A7 /* ComplicationController.swift in Sources */ = {isa = PBXBuildFile; fileRef = CD0A30B82770739A008474A7 /* ComplicationController.swift */; };
		CD0A30BB2770739B008474A7 /* Assets.xcassets in Resources */ = {isa = PBXBuildFile; fileRef = CD0A30BA2770739B008474A7 /* Assets.xcassets */; };
		CD0A30BE2770739B008474A7 /* Preview Assets.xcassets in Resources */ = {isa = PBXBuildFile; fileRef = CD0A30BD2770739B008474A7 /* Preview Assets.xcassets */; };
		CD0A30EA277075C5008474A7 /* CardsListView.swift in Sources */ = {isa = PBXBuildFile; fileRef = CD0A30E9277075C5008474A7 /* CardsListView.swift */; };
		CD0A30EF27707799008474A7 /* CardView.swift in Sources */ = {isa = PBXBuildFile; fileRef = CD0A30EE27707799008474A7 /* CardView.swift */; };
		CD0A30F22770A120008474A7 /* EstimatesSelectionView.swift in Sources */ = {isa = PBXBuildFile; fileRef = CD0A30F12770A120008474A7 /* EstimatesSelectionView.swift */; };
		CDBCE1652777B16100833F90 /* EstimatesKit in Frameworks */ = {isa = PBXBuildFile; productRef = CDBCE1642777B16100833F90 /* EstimatesKit */; };
		CDE749EA27774FF800A14739 /* EstimateTests.swift in Sources */ = {isa = PBXBuildFile; fileRef = CDE749E927774FF800A14739 /* EstimateTests.swift */; };
/* End PBXBuildFile section */

/* Begin PBXContainerItemProxy section */
		CD0A30A627707397008474A7 /* PBXContainerItemProxy */ = {
			isa = PBXContainerItemProxy;
			containerPortal = CD0A309A27707397008474A7 /* Project object */;
			proxyType = 1;
			remoteGlobalIDString = CD0A30A327707397008474A7;
			remoteInfo = "OneTapEstimates WatchKit App";
		};
		CD0A30B12770739A008474A7 /* PBXContainerItemProxy */ = {
			isa = PBXContainerItemProxy;
			containerPortal = CD0A309A27707397008474A7 /* Project object */;
			proxyType = 1;
			remoteGlobalIDString = CD0A30AE2770739A008474A7;
			remoteInfo = "OneTapEstimates WatchKit Extension";
		};
		CD0A30C52770739B008474A7 /* PBXContainerItemProxy */ = {
			isa = PBXContainerItemProxy;
			containerPortal = CD0A309A27707397008474A7 /* Project object */;
			proxyType = 1;
			remoteGlobalIDString = CD0A30AE2770739A008474A7;
			remoteInfo = "OneTapEstimates WatchKit Extension";
		};
/* End PBXContainerItemProxy section */

/* Begin PBXCopyFilesBuildPhase section */
		CD0A30DB2770739B008474A7 /* Embed App Extensions */ = {
			isa = PBXCopyFilesBuildPhase;
			buildActionMask = 2147483647;
			dstPath = "";
			dstSubfolderSpec = 13;
			files = (
				CD0A30B02770739A008474A7 /* OneTapEstimates WatchKit Extension.appex in Embed App Extensions */,
			);
			name = "Embed App Extensions";
			runOnlyForDeploymentPostprocessing = 0;
		};
		CD0A30DF2770739B008474A7 /* Embed Watch Content */ = {
			isa = PBXCopyFilesBuildPhase;
			buildActionMask = 2147483647;
			dstPath = "$(CONTENTS_FOLDER_PATH)/Watch";
			dstSubfolderSpec = 16;
			files = (
				CD0A30A527707397008474A7 /* OneTapEstimates WatchKit App.app in Embed Watch Content */,
			);
			name = "Embed Watch Content";
			runOnlyForDeploymentPostprocessing = 0;
		};
/* End PBXCopyFilesBuildPhase section */

/* Begin PBXFileReference section */
		CD0A30A027707397008474A7 /* OneTapEstimates.app */ = {isa = PBXFileReference; explicitFileType = wrapper.application; includeInIndex = 0; path = OneTapEstimates.app; sourceTree = BUILT_PRODUCTS_DIR; };
		CD0A30A427707397008474A7 /* OneTapEstimates WatchKit App.app */ = {isa = PBXFileReference; explicitFileType = wrapper.application; includeInIndex = 0; path = "OneTapEstimates WatchKit App.app"; sourceTree = BUILT_PRODUCTS_DIR; };
		CD0A30A92770739A008474A7 /* Assets.xcassets */ = {isa = PBXFileReference; lastKnownFileType = folder.assetcatalog; path = Assets.xcassets; sourceTree = "<group>"; };
		CD0A30AF2770739A008474A7 /* OneTapEstimates WatchKit Extension.appex */ = {isa = PBXFileReference; explicitFileType = "wrapper.app-extension"; includeInIndex = 0; path = "OneTapEstimates WatchKit Extension.appex"; sourceTree = BUILT_PRODUCTS_DIR; };
		CD0A30B62770739A008474A7 /* OneTapEstimatesApp.swift */ = {isa = PBXFileReference; lastKnownFileType = sourcecode.swift; path = OneTapEstimatesApp.swift; sourceTree = "<group>"; };
		CD0A30B82770739A008474A7 /* ComplicationController.swift */ = {isa = PBXFileReference; lastKnownFileType = sourcecode.swift; path = ComplicationController.swift; sourceTree = "<group>"; };
		CD0A30BA2770739B008474A7 /* Assets.xcassets */ = {isa = PBXFileReference; lastKnownFileType = folder.assetcatalog; path = Assets.xcassets; sourceTree = "<group>"; };
		CD0A30BD2770739B008474A7 /* Preview Assets.xcassets */ = {isa = PBXFileReference; lastKnownFileType = folder.assetcatalog; path = "Preview Assets.xcassets"; sourceTree = "<group>"; };
		CD0A30BF2770739B008474A7 /* Info.plist */ = {isa = PBXFileReference; lastKnownFileType = text.plist.xml; path = Info.plist; sourceTree = "<group>"; };
		CD0A30C42770739B008474A7 /* OneTapEstimatesTests.xctest */ = {isa = PBXFileReference; explicitFileType = wrapper.cfbundle; includeInIndex = 0; path = OneTapEstimatesTests.xctest; sourceTree = BUILT_PRODUCTS_DIR; };
		CD0A30E9277075C5008474A7 /* CardsListView.swift */ = {isa = PBXFileReference; lastKnownFileType = sourcecode.swift; path = CardsListView.swift; sourceTree = "<group>"; };
		CD0A30EE27707799008474A7 /* CardView.swift */ = {isa = PBXFileReference; lastKnownFileType = sourcecode.swift; path = CardView.swift; sourceTree = "<group>"; };
		CD0A30F12770A120008474A7 /* EstimatesSelectionView.swift */ = {isa = PBXFileReference; lastKnownFileType = sourcecode.swift; path = EstimatesSelectionView.swift; sourceTree = "<group>"; };
		CDBCE1632777B13D00833F90 /* EstimatesKit */ = {isa = PBXFileReference; lastKnownFileType = folder; path = EstimatesKit; sourceTree = "<group>"; };
		CDE749E82773950100A14739 /* README.md */ = {isa = PBXFileReference; lastKnownFileType = net.daringfireball.markdown; path = README.md; sourceTree = "<group>"; };
		CDE749E927774FF800A14739 /* EstimateTests.swift */ = {isa = PBXFileReference; lastKnownFileType = sourcecode.swift; path = EstimateTests.swift; sourceTree = "<group>"; };
/* End PBXFileReference section */

/* Begin PBXFrameworksBuildPhase section */
		CD0A30AC2770739A008474A7 /* Frameworks */ = {
			isa = PBXFrameworksBuildPhase;
			buildActionMask = 2147483647;
			files = (
				CDBCE1652777B16100833F90 /* EstimatesKit in Frameworks */,
			);
			runOnlyForDeploymentPostprocessing = 0;
		};
		CD0A30C12770739B008474A7 /* Frameworks */ = {
			isa = PBXFrameworksBuildPhase;
			buildActionMask = 2147483647;
			files = (
			);
			runOnlyForDeploymentPostprocessing = 0;
		};
/* End PBXFrameworksBuildPhase section */

/* Begin PBXGroup section */
		CD0A309927707397008474A7 = {
			isa = PBXGroup;
			children = (
				CDBCE1632777B13D00833F90 /* EstimatesKit */,
				CD0A30A827707397008474A7 /* OneTapEstimates WatchKit App */,
				CD0A30B32770739A008474A7 /* OneTapEstimates WatchKit Extension */,
				CD0A30C72770739B008474A7 /* OneTapEstimatesTests */,
				CD0A30A127707397008474A7 /* Products */,
				CD614B8E2777AAA4007FF802 /* Frameworks */,
				CDE749E82773950100A14739 /* README.md */,
			);
			sourceTree = "<group>";
		};
		CD0A30A127707397008474A7 /* Products */ = {
			isa = PBXGroup;
			children = (
				CD0A30A027707397008474A7 /* OneTapEstimates.app */,
				CD0A30A427707397008474A7 /* OneTapEstimates WatchKit App.app */,
				CD0A30AF2770739A008474A7 /* OneTapEstimates WatchKit Extension.appex */,
				CD0A30C42770739B008474A7 /* OneTapEstimatesTests.xctest */,
			);
			name = Products;
			sourceTree = "<group>";
		};
		CD0A30A827707397008474A7 /* OneTapEstimates WatchKit App */ = {
			isa = PBXGroup;
			children = (
				CD0A30A92770739A008474A7 /* Assets.xcassets */,
			);
			path = "OneTapEstimates WatchKit App";
			sourceTree = "<group>";
		};
		CD0A30B32770739A008474A7 /* OneTapEstimates WatchKit Extension */ = {
			isa = PBXGroup;
			children = (
				CD0A30FB2770D92C008474A7 /* App */,
				CD0A30F02770A0F0008474A7 /* EstimatesSelection */,
				CD0A30EB277075F5008474A7 /* CardsList */,
				CD0A30FA2770D918008474A7 /* Resources */,
				CD0A30BF2770739B008474A7 /* Info.plist */,
			);
			path = "OneTapEstimates WatchKit Extension";
			sourceTree = "<group>";
		};
		CD0A30BC2770739B008474A7 /* Preview Content */ = {
			isa = PBXGroup;
			children = (
				CD0A30BD2770739B008474A7 /* Preview Assets.xcassets */,
			);
			path = "Preview Content";
			sourceTree = "<group>";
		};
		CD0A30C72770739B008474A7 /* OneTapEstimatesTests */ = {
			isa = PBXGroup;
			children = (
				CDE749E927774FF800A14739 /* EstimateTests.swift */,
			);
			path = OneTapEstimatesTests;
			sourceTree = "<group>";
		};
		CD0A30EB277075F5008474A7 /* CardsList */ = {
			isa = PBXGroup;
			children = (
				CD0A30E9277075C5008474A7 /* CardsListView.swift */,
				CD0A30EE27707799008474A7 /* CardView.swift */,
			);
			path = CardsList;
			sourceTree = "<group>";
		};
		CD0A30F02770A0F0008474A7 /* EstimatesSelection */ = {
			isa = PBXGroup;
			children = (
				CD0A30F12770A120008474A7 /* EstimatesSelectionView.swift */,
			);
			path = EstimatesSelection;
			sourceTree = "<group>";
		};
		CD0A30FA2770D918008474A7 /* Resources */ = {
			isa = PBXGroup;
			children = (
				CD0A30BA2770739B008474A7 /* Assets.xcassets */,
				CD0A30BC2770739B008474A7 /* Preview Content */,
			);
			path = Resources;
			sourceTree = "<group>";
		};
		CD0A30FB2770D92C008474A7 /* App */ = {
			isa = PBXGroup;
			children = (
				CD0A30B62770739A008474A7 /* OneTapEstimatesApp.swift */,
				CD0A30B82770739A008474A7 /* ComplicationController.swift */,
			);
			path = App;
			sourceTree = "<group>";
		};
		CD614B8E2777AAA4007FF802 /* Frameworks */ = {
			isa = PBXGroup;
			children = (
			);
			name = Frameworks;
			sourceTree = "<group>";
		};
/* End PBXGroup section */

/* Begin PBXNativeTarget section */
		CD0A309F27707397008474A7 /* OneTapEstimates */ = {
			isa = PBXNativeTarget;
			buildConfigurationList = CD0A30E02770739B008474A7 /* Build configuration list for PBXNativeTarget "OneTapEstimates" */;
			buildPhases = (
				CD0A309E27707397008474A7 /* Resources */,
				CD0A30DF2770739B008474A7 /* Embed Watch Content */,
			);
			buildRules = (
			);
			dependencies = (
				CD0A30A727707397008474A7 /* PBXTargetDependency */,
			);
			name = OneTapEstimates;
			productName = OneTapEstimates;
			productReference = CD0A30A027707397008474A7 /* OneTapEstimates.app */;
			productType = "com.apple.product-type.application.watchapp2-container";
		};
		CD0A30A327707397008474A7 /* OneTapEstimates WatchKit App */ = {
			isa = PBXNativeTarget;
			buildConfigurationList = CD0A30DC2770739B008474A7 /* Build configuration list for PBXNativeTarget "OneTapEstimates WatchKit App" */;
			buildPhases = (
				CD0A30A227707397008474A7 /* Resources */,
				CD0A30DB2770739B008474A7 /* Embed App Extensions */,
			);
			buildRules = (
			);
			dependencies = (
				CD0A30B22770739A008474A7 /* PBXTargetDependency */,
			);
			name = "OneTapEstimates WatchKit App";
			productName = "OneTapEstimates WatchKit App";
			productReference = CD0A30A427707397008474A7 /* OneTapEstimates WatchKit App.app */;
			productType = "com.apple.product-type.application.watchapp2";
		};
		CD0A30AE2770739A008474A7 /* OneTapEstimates WatchKit Extension */ = {
			isa = PBXNativeTarget;
			buildConfigurationList = CD0A30D82770739B008474A7 /* Build configuration list for PBXNativeTarget "OneTapEstimates WatchKit Extension" */;
			buildPhases = (
				CD0A30AB2770739A008474A7 /* Sources */,
				CD0A30AC2770739A008474A7 /* Frameworks */,
				CD0A30AD2770739A008474A7 /* Resources */,
			);
			buildRules = (
			);
			dependencies = (
			);
			name = "OneTapEstimates WatchKit Extension";
			packageProductDependencies = (
				CDBCE1642777B16100833F90 /* EstimatesKit */,
			);
			productName = "OneTapEstimates WatchKit Extension";
			productReference = CD0A30AF2770739A008474A7 /* OneTapEstimates WatchKit Extension.appex */;
			productType = "com.apple.product-type.watchkit2-extension";
		};
		CD0A30C32770739B008474A7 /* OneTapEstimatesTests */ = {
			isa = PBXNativeTarget;
			buildConfigurationList = CD0A30E32770739B008474A7 /* Build configuration list for PBXNativeTarget "OneTapEstimatesTests" */;
			buildPhases = (
				CD0A30C02770739B008474A7 /* Sources */,
				CD0A30C12770739B008474A7 /* Frameworks */,
				CD0A30C22770739B008474A7 /* Resources */,
			);
			buildRules = (
			);
			dependencies = (
				CD0A30C62770739B008474A7 /* PBXTargetDependency */,
			);
			name = OneTapEstimatesTests;
			productName = OneTapEstimatesTests;
			productReference = CD0A30C42770739B008474A7 /* OneTapEstimatesTests.xctest */;
			productType = "com.apple.product-type.bundle.unit-test";
		};
/* End PBXNativeTarget section */

/* Begin PBXProject section */
		CD0A309A27707397008474A7 /* Project object */ = {
			isa = PBXProject;
			attributes = {
				BuildIndependentTargetsInParallel = 1;
				LastSwiftUpdateCheck = 1300;
				LastUpgradeCheck = 1300;
				TargetAttributes = {
					CD0A309F27707397008474A7 = {
						CreatedOnToolsVersion = 13.0;
					};
					CD0A30A327707397008474A7 = {
						CreatedOnToolsVersion = 13.0;
					};
					CD0A30AE2770739A008474A7 = {
						CreatedOnToolsVersion = 13.0;
					};
					CD0A30C32770739B008474A7 = {
						CreatedOnToolsVersion = 13.0;
						TestTargetID = CD0A30AE2770739A008474A7;
					};
				};
			};
			buildConfigurationList = CD0A309D27707397008474A7 /* Build configuration list for PBXProject "OneTapEstimates" */;
			compatibilityVersion = "Xcode 13.0";
			developmentRegion = en;
			hasScannedForEncodings = 0;
			knownRegions = (
				en,
				Base,
			);
			mainGroup = CD0A309927707397008474A7;
			productRefGroup = CD0A30A127707397008474A7 /* Products */;
			projectDirPath = "";
			projectRoot = "";
			targets = (
				CD0A309F27707397008474A7 /* OneTapEstimates */,
				CD0A30A327707397008474A7 /* OneTapEstimates WatchKit App */,
				CD0A30AE2770739A008474A7 /* OneTapEstimates WatchKit Extension */,
				CD0A30C32770739B008474A7 /* OneTapEstimatesTests */,
			);
		};
/* End PBXProject section */

/* Begin PBXResourcesBuildPhase section */
		CD0A309E27707397008474A7 /* Resources */ = {
			isa = PBXResourcesBuildPhase;
			buildActionMask = 2147483647;
			files = (
			);
			runOnlyForDeploymentPostprocessing = 0;
		};
		CD0A30A227707397008474A7 /* Resources */ = {
			isa = PBXResourcesBuildPhase;
			buildActionMask = 2147483647;
			files = (
				CD0A30AA2770739A008474A7 /* Assets.xcassets in Resources */,
			);
			runOnlyForDeploymentPostprocessing = 0;
		};
		CD0A30AD2770739A008474A7 /* Resources */ = {
			isa = PBXResourcesBuildPhase;
			buildActionMask = 2147483647;
			files = (
				CD0A30BE2770739B008474A7 /* Preview Assets.xcassets in Resources */,
				CD0A30BB2770739B008474A7 /* Assets.xcassets in Resources */,
			);
			runOnlyForDeploymentPostprocessing = 0;
		};
		CD0A30C22770739B008474A7 /* Resources */ = {
			isa = PBXResourcesBuildPhase;
			buildActionMask = 2147483647;
			files = (
			);
			runOnlyForDeploymentPostprocessing = 0;
		};
/* End PBXResourcesBuildPhase section */

/* Begin PBXSourcesBuildPhase section */
		CD0A30AB2770739A008474A7 /* Sources */ = {
			isa = PBXSourcesBuildPhase;
			buildActionMask = 2147483647;
			files = (
				CD0A30B72770739A008474A7 /* OneTapEstimatesApp.swift in Sources */,
				CD0A30F22770A120008474A7 /* EstimatesSelectionView.swift in Sources */,
				CD0A30EA277075C5008474A7 /* CardsListView.swift in Sources */,
				CD0A30EF27707799008474A7 /* CardView.swift in Sources */,
				CD0A30B92770739A008474A7 /* ComplicationController.swift in Sources */,
			);
			runOnlyForDeploymentPostprocessing = 0;
		};
		CD0A30C02770739B008474A7 /* Sources */ = {
			isa = PBXSourcesBuildPhase;
			buildActionMask = 2147483647;
			files = (
				CDE749EA27774FF800A14739 /* EstimateTests.swift in Sources */,
			);
			runOnlyForDeploymentPostprocessing = 0;
		};
/* End PBXSourcesBuildPhase section */

/* Begin PBXTargetDependency section */
		CD0A30A727707397008474A7 /* PBXTargetDependency */ = {
			isa = PBXTargetDependency;
			target = CD0A30A327707397008474A7 /* OneTapEstimates WatchKit App */;
			targetProxy = CD0A30A627707397008474A7 /* PBXContainerItemProxy */;
		};
		CD0A30B22770739A008474A7 /* PBXTargetDependency */ = {
			isa = PBXTargetDependency;
			target = CD0A30AE2770739A008474A7 /* OneTapEstimates WatchKit Extension */;
			targetProxy = CD0A30B12770739A008474A7 /* PBXContainerItemProxy */;
		};
		CD0A30C62770739B008474A7 /* PBXTargetDependency */ = {
			isa = PBXTargetDependency;
			target = CD0A30AE2770739A008474A7 /* OneTapEstimates WatchKit Extension */;
			targetProxy = CD0A30C52770739B008474A7 /* PBXContainerItemProxy */;
		};
/* End PBXTargetDependency section */

/* Begin XCBuildConfiguration section */
		CD0A30D62770739B008474A7 /* Debug */ = {
			isa = XCBuildConfiguration;
			buildSettings = {
				ALWAYS_SEARCH_USER_PATHS = NO;
				CLANG_ANALYZER_NONNULL = YES;
				CLANG_ANALYZER_NUMBER_OBJECT_CONVERSION = YES_AGGRESSIVE;
				CLANG_CXX_LANGUAGE_STANDARD = "gnu++17";
				CLANG_CXX_LIBRARY = "libc++";
				CLANG_ENABLE_MODULES = YES;
				CLANG_ENABLE_OBJC_ARC = YES;
				CLANG_ENABLE_OBJC_WEAK = YES;
				CLANG_WARN_BLOCK_CAPTURE_AUTORELEASING = YES;
				CLANG_WARN_BOOL_CONVERSION = YES;
				CLANG_WARN_COMMA = YES;
				CLANG_WARN_CONSTANT_CONVERSION = YES;
				CLANG_WARN_DEPRECATED_OBJC_IMPLEMENTATIONS = YES;
				CLANG_WARN_DIRECT_OBJC_ISA_USAGE = YES_ERROR;
				CLANG_WARN_DOCUMENTATION_COMMENTS = YES;
				CLANG_WARN_EMPTY_BODY = YES;
				CLANG_WARN_ENUM_CONVERSION = YES;
				CLANG_WARN_INFINITE_RECURSION = YES;
				CLANG_WARN_INT_CONVERSION = YES;
				CLANG_WARN_NON_LITERAL_NULL_CONVERSION = YES;
				CLANG_WARN_OBJC_IMPLICIT_RETAIN_SELF = YES;
				CLANG_WARN_OBJC_LITERAL_CONVERSION = YES;
				CLANG_WARN_OBJC_ROOT_CLASS = YES_ERROR;
				CLANG_WARN_QUOTED_INCLUDE_IN_FRAMEWORK_HEADER = YES;
				CLANG_WARN_RANGE_LOOP_ANALYSIS = YES;
				CLANG_WARN_STRICT_PROTOTYPES = YES;
				CLANG_WARN_SUSPICIOUS_MOVE = YES;
				CLANG_WARN_UNGUARDED_AVAILABILITY = YES_AGGRESSIVE;
				CLANG_WARN_UNREACHABLE_CODE = YES;
				CLANG_WARN__DUPLICATE_METHOD_MATCH = YES;
				COPY_PHASE_STRIP = NO;
				DEBUG_INFORMATION_FORMAT = dwarf;
				ENABLE_STRICT_OBJC_MSGSEND = YES;
				ENABLE_TESTABILITY = YES;
				GCC_C_LANGUAGE_STANDARD = gnu11;
				GCC_DYNAMIC_NO_PIC = NO;
				GCC_NO_COMMON_BLOCKS = YES;
				GCC_OPTIMIZATION_LEVEL = 0;
				GCC_PREPROCESSOR_DEFINITIONS = (
					"DEBUG=1",
					"$(inherited)",
				);
				GCC_WARN_64_TO_32_BIT_CONVERSION = YES;
				GCC_WARN_ABOUT_RETURN_TYPE = YES_ERROR;
				GCC_WARN_UNDECLARED_SELECTOR = YES;
				GCC_WARN_UNINITIALIZED_AUTOS = YES_AGGRESSIVE;
				GCC_WARN_UNUSED_FUNCTION = YES;
				GCC_WARN_UNUSED_VARIABLE = YES;
				MTL_ENABLE_DEBUG_INFO = INCLUDE_SOURCE;
				MTL_FAST_MATH = YES;
				ONLY_ACTIVE_ARCH = YES;
				SDKROOT = iphoneos;
				SWIFT_ACTIVE_COMPILATION_CONDITIONS = DEBUG;
				SWIFT_OPTIMIZATION_LEVEL = "-Onone";
			};
			name = Debug;
		};
		CD0A30D72770739B008474A7 /* Release */ = {
			isa = XCBuildConfiguration;
			buildSettings = {
				ALWAYS_SEARCH_USER_PATHS = NO;
				CLANG_ANALYZER_NONNULL = YES;
				CLANG_ANALYZER_NUMBER_OBJECT_CONVERSION = YES_AGGRESSIVE;
				CLANG_CXX_LANGUAGE_STANDARD = "gnu++17";
				CLANG_CXX_LIBRARY = "libc++";
				CLANG_ENABLE_MODULES = YES;
				CLANG_ENABLE_OBJC_ARC = YES;
				CLANG_ENABLE_OBJC_WEAK = YES;
				CLANG_WARN_BLOCK_CAPTURE_AUTORELEASING = YES;
				CLANG_WARN_BOOL_CONVERSION = YES;
				CLANG_WARN_COMMA = YES;
				CLANG_WARN_CONSTANT_CONVERSION = YES;
				CLANG_WARN_DEPRECATED_OBJC_IMPLEMENTATIONS = YES;
				CLANG_WARN_DIRECT_OBJC_ISA_USAGE = YES_ERROR;
				CLANG_WARN_DOCUMENTATION_COMMENTS = YES;
				CLANG_WARN_EMPTY_BODY = YES;
				CLANG_WARN_ENUM_CONVERSION = YES;
				CLANG_WARN_INFINITE_RECURSION = YES;
				CLANG_WARN_INT_CONVERSION = YES;
				CLANG_WARN_NON_LITERAL_NULL_CONVERSION = YES;
				CLANG_WARN_OBJC_IMPLICIT_RETAIN_SELF = YES;
				CLANG_WARN_OBJC_LITERAL_CONVERSION = YES;
				CLANG_WARN_OBJC_ROOT_CLASS = YES_ERROR;
				CLANG_WARN_QUOTED_INCLUDE_IN_FRAMEWORK_HEADER = YES;
				CLANG_WARN_RANGE_LOOP_ANALYSIS = YES;
				CLANG_WARN_STRICT_PROTOTYPES = YES;
				CLANG_WARN_SUSPICIOUS_MOVE = YES;
				CLANG_WARN_UNGUARDED_AVAILABILITY = YES_AGGRESSIVE;
				CLANG_WARN_UNREACHABLE_CODE = YES;
				CLANG_WARN__DUPLICATE_METHOD_MATCH = YES;
				COPY_PHASE_STRIP = NO;
				DEBUG_INFORMATION_FORMAT = "dwarf-with-dsym";
				ENABLE_NS_ASSERTIONS = NO;
				ENABLE_STRICT_OBJC_MSGSEND = YES;
				GCC_C_LANGUAGE_STANDARD = gnu11;
				GCC_NO_COMMON_BLOCKS = YES;
				GCC_WARN_64_TO_32_BIT_CONVERSION = YES;
				GCC_WARN_ABOUT_RETURN_TYPE = YES_ERROR;
				GCC_WARN_UNDECLARED_SELECTOR = YES;
				GCC_WARN_UNINITIALIZED_AUTOS = YES_AGGRESSIVE;
				GCC_WARN_UNUSED_FUNCTION = YES;
				GCC_WARN_UNUSED_VARIABLE = YES;
				MTL_ENABLE_DEBUG_INFO = NO;
				MTL_FAST_MATH = YES;
				SDKROOT = iphoneos;
				SWIFT_COMPILATION_MODE = wholemodule;
				SWIFT_OPTIMIZATION_LEVEL = "-O";
				VALIDATE_PRODUCT = YES;
			};
			name = Release;
		};
		CD0A30D92770739B008474A7 /* Debug */ = {
			isa = XCBuildConfiguration;
			buildSettings = {
				ASSETCATALOG_COMPILER_COMPLICATION_NAME = Complication;
				CODE_SIGN_STYLE = Automatic;
				CURRENT_PROJECT_VERSION = 1;
				DEVELOPMENT_ASSET_PATHS = "\"OneTapEstimates WatchKit Extension/Resources/Preview Content\"";
				ENABLE_PREVIEWS = YES;
				GENERATE_INFOPLIST_FILE = YES;
				INFOPLIST_FILE = "OneTapEstimates WatchKit Extension/Info.plist";
				INFOPLIST_KEY_CFBundleDisplayName = "OneTapEstimates WatchKit Extension";
				INFOPLIST_KEY_CLKComplicationPrincipalClass = "$(PRODUCT_MODULE_NAME).ComplicationController";
				INFOPLIST_KEY_NSHumanReadableCopyright = "";
				INFOPLIST_KEY_WKWatchOnly = YES;
				LD_RUNPATH_SEARCH_PATHS = (
					"$(inherited)",
					"@executable_path/Frameworks",
					"@executable_path/../../Frameworks",
				);
				MARKETING_VERSION = 1.0;
				PRODUCT_BUNDLE_IDENTIFIER = in.ntsh.OneTapEstimates.watchkitapp.watchkitextension;
				PRODUCT_NAME = "${TARGET_NAME}";
				SDKROOT = watchos;
				SKIP_INSTALL = YES;
				SWIFT_EMIT_LOC_STRINGS = YES;
				SWIFT_VERSION = 5.0;
				TARGETED_DEVICE_FAMILY = 4;
				WATCHOS_DEPLOYMENT_TARGET = 8.0;
			};
			name = Debug;
		};
		CD0A30DA2770739B008474A7 /* Release */ = {
			isa = XCBuildConfiguration;
			buildSettings = {
				ASSETCATALOG_COMPILER_COMPLICATION_NAME = Complication;
				CODE_SIGN_STYLE = Automatic;
				CURRENT_PROJECT_VERSION = 1;
				DEVELOPMENT_ASSET_PATHS = "\"OneTapEstimates WatchKit Extension/Resources/Preview Content\"";
				ENABLE_PREVIEWS = YES;
				GENERATE_INFOPLIST_FILE = YES;
				INFOPLIST_FILE = "OneTapEstimates WatchKit Extension/Info.plist";
				INFOPLIST_KEY_CFBundleDisplayName = "OneTapEstimates WatchKit Extension";
				INFOPLIST_KEY_CLKComplicationPrincipalClass = "$(PRODUCT_MODULE_NAME).ComplicationController";
				INFOPLIST_KEY_NSHumanReadableCopyright = "";
				INFOPLIST_KEY_WKWatchOnly = YES;
				LD_RUNPATH_SEARCH_PATHS = (
					"$(inherited)",
					"@executable_path/Frameworks",
					"@executable_path/../../Frameworks",
				);
				MARKETING_VERSION = 1.0;
				PRODUCT_BUNDLE_IDENTIFIER = in.ntsh.OneTapEstimates.watchkitapp.watchkitextension;
				PRODUCT_NAME = "${TARGET_NAME}";
				SDKROOT = watchos;
				SKIP_INSTALL = YES;
				SWIFT_EMIT_LOC_STRINGS = YES;
				SWIFT_VERSION = 5.0;
				TARGETED_DEVICE_FAMILY = 4;
				WATCHOS_DEPLOYMENT_TARGET = 8.0;
			};
			name = Release;
		};
		CD0A30DD2770739B008474A7 /* Debug */ = {
			isa = XCBuildConfiguration;
			buildSettings = {
				ALWAYS_EMBED_SWIFT_STANDARD_LIBRARIES = YES;
				ASSETCATALOG_COMPILER_APPICON_NAME = AppIcon;
				ASSETCATALOG_COMPILER_GLOBAL_ACCENT_COLOR_NAME = AccentColor;
				CODE_SIGN_STYLE = Automatic;
				CURRENT_PROJECT_VERSION = 1;
				GENERATE_INFOPLIST_FILE = YES;
				IBSC_MODULE = OneTapEstimates_WatchKit_Extension;
				INFOPLIST_KEY_CFBundleDisplayName = "OneTapEstimates WatchKit App";
				INFOPLIST_KEY_UISupportedInterfaceOrientations = "UIInterfaceOrientationPortrait UIInterfaceOrientationPortraitUpsideDown";
				MARKETING_VERSION = 1.0;
				PRODUCT_BUNDLE_IDENTIFIER = in.ntsh.OneTapEstimates.watchkitapp;
				PRODUCT_NAME = "$(TARGET_NAME)";
				SDKROOT = watchos;
				SKIP_INSTALL = YES;
				SWIFT_EMIT_LOC_STRINGS = YES;
				SWIFT_VERSION = 5.0;
				TARGETED_DEVICE_FAMILY = 4;
				WATCHOS_DEPLOYMENT_TARGET = 8.0;
			};
			name = Debug;
		};
		CD0A30DE2770739B008474A7 /* Release */ = {
			isa = XCBuildConfiguration;
			buildSettings = {
				ALWAYS_EMBED_SWIFT_STANDARD_LIBRARIES = YES;
				ASSETCATALOG_COMPILER_APPICON_NAME = AppIcon;
				ASSETCATALOG_COMPILER_GLOBAL_ACCENT_COLOR_NAME = AccentColor;
				CODE_SIGN_STYLE = Automatic;
				CURRENT_PROJECT_VERSION = 1;
				GENERATE_INFOPLIST_FILE = YES;
				IBSC_MODULE = OneTapEstimates_WatchKit_Extension;
				INFOPLIST_KEY_CFBundleDisplayName = "OneTapEstimates WatchKit App";
				INFOPLIST_KEY_UISupportedInterfaceOrientations = "UIInterfaceOrientationPortrait UIInterfaceOrientationPortraitUpsideDown";
				MARKETING_VERSION = 1.0;
				PRODUCT_BUNDLE_IDENTIFIER = in.ntsh.OneTapEstimates.watchkitapp;
				PRODUCT_NAME = "$(TARGET_NAME)";
				SDKROOT = watchos;
				SKIP_INSTALL = YES;
				SWIFT_EMIT_LOC_STRINGS = YES;
				SWIFT_VERSION = 5.0;
				TARGETED_DEVICE_FAMILY = 4;
				WATCHOS_DEPLOYMENT_TARGET = 8.0;
			};
			name = Release;
		};
		CD0A30E12770739B008474A7 /* Debug */ = {
			isa = XCBuildConfiguration;
			buildSettings = {
				CODE_SIGN_STYLE = Automatic;
				CURRENT_PROJECT_VERSION = 1;
				MARKETING_VERSION = 1.0;
				PRODUCT_BUNDLE_IDENTIFIER = in.ntsh.OneTapEstimates;
				PRODUCT_NAME = "$(TARGET_NAME)";
				SWIFT_VERSION = 5.0;
			};
			name = Debug;
		};
		CD0A30E22770739B008474A7 /* Release */ = {
			isa = XCBuildConfiguration;
			buildSettings = {
				CODE_SIGN_STYLE = Automatic;
				CURRENT_PROJECT_VERSION = 1;
				MARKETING_VERSION = 1.0;
				PRODUCT_BUNDLE_IDENTIFIER = in.ntsh.OneTapEstimates;
				PRODUCT_NAME = "$(TARGET_NAME)";
				SWIFT_VERSION = 5.0;
			};
			name = Release;
		};
		CD0A30E42770739B008474A7 /* Debug */ = {
			isa = XCBuildConfiguration;
			buildSettings = {
				ALWAYS_EMBED_SWIFT_STANDARD_LIBRARIES = YES;
				BUNDLE_LOADER = "$(TEST_HOST)";
				CODE_SIGN_STYLE = Automatic;
				CURRENT_PROJECT_VERSION = 1;
				GENERATE_INFOPLIST_FILE = YES;
				LD_RUNPATH_SEARCH_PATHS = (
					"$(inherited)",
					"@executable_path/Frameworks",
					"@loader_path/Frameworks",
				);
				MARKETING_VERSION = 1.0;
				PRODUCT_BUNDLE_IDENTIFIER = in.ntsh.OneTapEstimatesTests;
				PRODUCT_NAME = "$(TARGET_NAME)";
				SDKROOT = watchos;
				SWIFT_EMIT_LOC_STRINGS = NO;
				SWIFT_VERSION = 5.0;
				TARGETED_DEVICE_FAMILY = 4;
				TEST_HOST = "$(BUILT_PRODUCTS_DIR)/OneTapEstimates WatchKit Extension.appex/OneTapEstimates WatchKit Extension";
				WATCHOS_DEPLOYMENT_TARGET = 8.0;
			};
			name = Debug;
		};
		CD0A30E52770739B008474A7 /* Release */ = {
			isa = XCBuildConfiguration;
			buildSettings = {
				ALWAYS_EMBED_SWIFT_STANDARD_LIBRARIES = YES;
				BUNDLE_LOADER = "$(TEST_HOST)";
				CODE_SIGN_STYLE = Automatic;
				CURRENT_PROJECT_VERSION = 1;
				GENERATE_INFOPLIST_FILE = YES;
				LD_RUNPATH_SEARCH_PATHS = (
					"$(inherited)",
					"@executable_path/Frameworks",
					"@loader_path/Frameworks",
				);
				MARKETING_VERSION = 1.0;
				PRODUCT_BUNDLE_IDENTIFIER = in.ntsh.OneTapEstimatesTests;
				PRODUCT_NAME = "$(TARGET_NAME)";
				SDKROOT = watchos;
				SWIFT_EMIT_LOC_STRINGS = NO;
				SWIFT_VERSION = 5.0;
				TARGETED_DEVICE_FAMILY = 4;
				TEST_HOST = "$(BUILT_PRODUCTS_DIR)/OneTapEstimates WatchKit Extension.appex/OneTapEstimates WatchKit Extension";
				WATCHOS_DEPLOYMENT_TARGET = 8.0;
			};
			name = Release;
		};
/* End XCBuildConfiguration section */

/* Begin XCConfigurationList section */
		CD0A309D27707397008474A7 /* Build configuration list for PBXProject "OneTapEstimates" */ = {
			isa = XCConfigurationList;
			buildConfigurations = (
				CD0A30D62770739B008474A7 /* Debug */,
				CD0A30D72770739B008474A7 /* Release */,
			);
			defaultConfigurationIsVisible = 0;
			defaultConfigurationName = Release;
		};
		CD0A30D82770739B008474A7 /* Build configuration list for PBXNativeTarget "OneTapEstimates WatchKit Extension" */ = {
			isa = XCConfigurationList;
			buildConfigurations = (
				CD0A30D92770739B008474A7 /* Debug */,
				CD0A30DA2770739B008474A7 /* Release */,
			);
			defaultConfigurationIsVisible = 0;
			defaultConfigurationName = Release;
		};
		CD0A30DC2770739B008474A7 /* Build configuration list for PBXNativeTarget "OneTapEstimates WatchKit App" */ = {
			isa = XCConfigurationList;
			buildConfigurations = (
				CD0A30DD2770739B008474A7 /* Debug */,
				CD0A30DE2770739B008474A7 /* Release */,
			);
			defaultConfigurationIsVisible = 0;
			defaultConfigurationName = Release;
		};
		CD0A30E02770739B008474A7 /* Build configuration list for PBXNativeTarget "OneTapEstimates" */ = {
			isa = XCConfigurationList;
			buildConfigurations = (
				CD0A30E12770739B008474A7 /* Debug */,
				CD0A30E22770739B008474A7 /* Release */,
			);
			defaultConfigurationIsVisible = 0;
			defaultConfigurationName = Release;
		};
		CD0A30E32770739B008474A7 /* Build configuration list for PBXNativeTarget "OneTapEstimatesTests" */ = {
			isa = XCConfigurationList;
			buildConfigurations = (
				CD0A30E42770739B008474A7 /* Debug */,
				CD0A30E52770739B008474A7 /* Release */,
			);
			defaultConfigurationIsVisible = 0;
			defaultConfigurationName = Release;
		};
/* End XCConfigurationList section */

/* Begin XCSwiftPackageProductDependency section */
		CDBCE1642777B16100833F90 /* EstimatesKit */ = {
			isa = XCSwiftPackageProductDependency;
			productName = EstimatesKit;
		};
/* End XCSwiftPackageProductDependency section */
	};
	rootObject = CD0A309A27707397008474A7 /* Project object */;
}
